// !$*UTF8*$!
{
	archiveVersion = 1;
	classes = {
	};
	objectVersion = 77;
	objects = {

/* Begin PBXBuildFile section */
		081389EC394EBDE67AD08068 /* ServerInfo.swift in Sources */ = {isa = PBXBuildFile; fileRef = 21F6EA6769C22B6F1B2C730F /* ServerInfo.swift */; };
		177FCB9518D2ADC2A4EA1170 /* CursorProjectRowView.swift in Sources */ = {isa = PBXBuildFile; fileRef = 60E86BB6DEB88DA8CFAD3C17 /* CursorProjectRowView.swift */; };
		31743CD68F9B7A8746502AC9 /* ServerRowView.swift in Sources */ = {isa = PBXBuildFile; fileRef = A04C26475FDB2C44D8A66305 /* ServerRowView.swift */; };
		4BD16D9D2E172A31C1AD146E /* PopoverView.swift in Sources */ = {isa = PBXBuildFile; fileRef = 24449CB98FDBDB01DE2F199A /* PopoverView.swift */; };
		5C4B81099B0A4885476D4D53 /* ServerService.swift in Sources */ = {isa = PBXBuildFile; fileRef = FD6E727688ADD5AA847BC5DB /* ServerService.swift */; };
		62638150960212F8C753854C /* PortScanner.swift in Sources */ = {isa = PBXBuildFile; fileRef = 9DDED3A6BC8AD9AA3F01380F /* PortScanner.swift */; };
		9A96C03697F82CA7F004B4D2 /* LocalBarApp.swift in Sources */ = {isa = PBXBuildFile; fileRef = D0511056396659F5F4AE57CA /* LocalBarApp.swift */; };
		9BA9BEA86FC14ADF7DD62393 /* ProjectInfo.swift in Sources */ = {isa = PBXBuildFile; fileRef = BD089AF648D33C8927D59CB6 /* ProjectInfo.swift */; };
		A8900D7876BE20B9C5D0E8A2 /* RecentServer.swift in Sources */ = {isa = PBXBuildFile; fileRef = 76FEFC614687A5248CB6337C /* RecentServer.swift */; };
		B7F9F3AA6C9F2FB557DDB24F /* NotificationManager.swift in Sources */ = {isa = PBXBuildFile; fileRef = A7F0E7A68E16EA68B6AB26DE /* NotificationManager.swift */; };
		B859739F510C290977FC7B47 /* CursorDetector.swift in Sources */ = {isa = PBXBuildFile; fileRef = 2A7DD963F5B0559049F7DC4E /* CursorDetector.swift */; };
		B93B2D082198AB66DD2D4E95 /* CursorProject.swift in Sources */ = {isa = PBXBuildFile; fileRef = 4B87F73AC8DEAF7DE4922D71 /* CursorProject.swift */; };
		CC5E17A3775C63FB127C3476 /* ProcessManager.swift in Sources */ = {isa = PBXBuildFile; fileRef = 0BF661CF87194B7A36C6580D /* ProcessManager.swift */; };
		D8D49AB8AE0D4E9797553E97 /* ProjectDetector.swift in Sources */ = {isa = PBXBuildFile; fileRef = 9D5A49D627A0DF46CEA7A4B8 /* ProjectDetector.swift */; };
/* End PBXBuildFile section */

/* Begin PBXFileReference section */
		0BF661CF87194B7A36C6580D /* ProcessManager.swift */ = {isa = PBXFileReference; lastKnownFileType = sourcecode.swift; path = ProcessManager.swift; sourceTree = "<group>"; };
		21F6EA6769C22B6F1B2C730F /* ServerInfo.swift */ = {isa = PBXFileReference; lastKnownFileType = sourcecode.swift; path = ServerInfo.swift; sourceTree = "<group>"; };
		24449CB98FDBDB01DE2F199A /* PopoverView.swift */ = {isa = PBXFileReference; lastKnownFileType = sourcecode.swift; path = PopoverView.swift; sourceTree = "<group>"; };
		2A7DD963F5B0559049F7DC4E /* CursorDetector.swift */ = {isa = PBXFileReference; lastKnownFileType = sourcecode.swift; path = CursorDetector.swift; sourceTree = "<group>"; };
		3F09ED77DEE40776767FD300 /* Info.plist */ = {isa = PBXFileReference; lastKnownFileType = text.plist; path = Info.plist; sourceTree = "<group>"; };
		486A231B0B2C1E8F82A08D60 /* LocalBar.app */ = {isa = PBXFileReference; explicitFileType = wrapper.application; includeInIndex = 0; path = LocalBar.app; sourceTree = BUILT_PRODUCTS_DIR; };
		4B87F73AC8DEAF7DE4922D71 /* CursorProject.swift */ = {isa = PBXFileReference; lastKnownFileType = sourcecode.swift; path = CursorProject.swift; sourceTree = "<group>"; };
		60E86BB6DEB88DA8CFAD3C17 /* CursorProjectRowView.swift */ = {isa = PBXFileReference; lastKnownFileType = sourcecode.swift; path = CursorProjectRowView.swift; sourceTree = "<group>"; };
		76FEFC614687A5248CB6337C /* RecentServer.swift */ = {isa = PBXFileReference; lastKnownFileType = sourcecode.swift; path = RecentServer.swift; sourceTree = "<group>"; };
		9D5A49D627A0DF46CEA7A4B8 /* ProjectDetector.swift */ = {isa = PBXFileReference; lastKnownFileType = sourcecode.swift; path = ProjectDetector.swift; sourceTree = "<group>"; };
		9DDED3A6BC8AD9AA3F01380F /* PortScanner.swift */ = {isa = PBXFileReference; lastKnownFileType = sourcecode.swift; path = PortScanner.swift; sourceTree = "<group>"; };
		A04C26475FDB2C44D8A66305 /* ServerRowView.swift */ = {isa = PBXFileReference; lastKnownFileType = sourcecode.swift; path = ServerRowView.swift; sourceTree = "<group>"; };
		A7F0E7A68E16EA68B6AB26DE /* NotificationManager.swift */ = {isa = PBXFileReference; lastKnownFileType = sourcecode.swift; path = NotificationManager.swift; sourceTree = "<group>"; };
		BD089AF648D33C8927D59CB6 /* ProjectInfo.swift */ = {isa = PBXFileReference; lastKnownFileType = sourcecode.swift; path = ProjectInfo.swift; sourceTree = "<group>"; };
		D0511056396659F5F4AE57CA /* LocalBarApp.swift */ = {isa = PBXFileReference; lastKnownFileType = sourcecode.swift; path = LocalBarApp.swift; sourceTree = "<group>"; };
		FD6E727688ADD5AA847BC5DB /* ServerService.swift */ = {isa = PBXFileReference; lastKnownFileType = sourcecode.swift; path = ServerService.swift; sourceTree = "<group>"; };
/* End PBXFileReference section */

/* Begin PBXGroup section */
		0A4BF74D928FC1181AE04D35 /* Models */ = {
			isa = PBXGroup;
			children = (
				4B87F73AC8DEAF7DE4922D71 /* CursorProject.swift */,
				BD089AF648D33C8927D59CB6 /* ProjectInfo.swift */,
				76FEFC614687A5248CB6337C /* RecentServer.swift */,
				21F6EA6769C22B6F1B2C730F /* ServerInfo.swift */,
			);
			path = Models;
			sourceTree = "<group>";
		};
		17E71BA6C91E21947538F80F /* Products */ = {
			isa = PBXGroup;
			children = (
				486A231B0B2C1E8F82A08D60 /* LocalBar.app */,
			);
			name = Products;
			sourceTree = "<group>";
		};
		31A5BE43685D7290BFF3F33E /* Views */ = {
			isa = PBXGroup;
			children = (
				60E86BB6DEB88DA8CFAD3C17 /* CursorProjectRowView.swift */,
				24449CB98FDBDB01DE2F199A /* PopoverView.swift */,
				A04C26475FDB2C44D8A66305 /* ServerRowView.swift */,
			);
			path = Views;
			sourceTree = "<group>";
		};
		320E4FB73EC0CF94EE2D8D48 /* LocalBar */ = {
			isa = PBXGroup;
			children = (
				3F09ED77DEE40776767FD300 /* Info.plist */,
				BC4F81A2746FC0FC0E490E8E /* App */,
				0A4BF74D928FC1181AE04D35 /* Models */,
				613E3FFF0D068B69E686DBC1 /* Services */,
				31A5BE43685D7290BFF3F33E /* Views */,
			);
			path = LocalBar;
			sourceTree = "<group>";
		};
		3215D9221145FBA725E17676 = {
			isa = PBXGroup;
			children = (
				320E4FB73EC0CF94EE2D8D48 /* LocalBar */,
				17E71BA6C91E21947538F80F /* Products */,
			);
			sourceTree = "<group>";
		};
		613E3FFF0D068B69E686DBC1 /* Services */ = {
			isa = PBXGroup;
			children = (
				2A7DD963F5B0559049F7DC4E /* CursorDetector.swift */,
				A7F0E7A68E16EA68B6AB26DE /* NotificationManager.swift */,
				9DDED3A6BC8AD9AA3F01380F /* PortScanner.swift */,
				0BF661CF87194B7A36C6580D /* ProcessManager.swift */,
				9D5A49D627A0DF46CEA7A4B8 /* ProjectDetector.swift */,
				FD6E727688ADD5AA847BC5DB /* ServerService.swift */,
			);
			path = Services;
			sourceTree = "<group>";
		};
		BC4F81A2746FC0FC0E490E8E /* App */ = {
			isa = PBXGroup;
			children = (
				D0511056396659F5F4AE57CA /* LocalBarApp.swift */,
			);
			path = App;
			sourceTree = "<group>";
		};
/* End PBXGroup section */

/* Begin PBXNativeTarget section */
		4465BEBB90CDB09797356C87 /* LocalBar */ = {
			isa = PBXNativeTarget;
			buildConfigurationList = D62D1518316FAFC148014316 /* Build configuration list for PBXNativeTarget "LocalBar" */;
			buildPhases = (
				7A6451C165E52AA1677BA52D /* Sources */,
			);
			buildRules = (
			);
			dependencies = (
			);
			name = LocalBar;
			packageProductDependencies = (
			);
			productName = LocalBar;
			productReference = 486A231B0B2C1E8F82A08D60 /* LocalBar.app */;
			productType = "com.apple.product-type.application";
		};
/* End PBXNativeTarget section */

/* Begin PBXProject section */
		B7F02C71AC41162628021677 /* Project object */ = {
			isa = PBXProject;
			attributes = {
				BuildIndependentTargetsInParallel = YES;
				LastUpgradeCheck = 1430;
				TargetAttributes = {
					4465BEBB90CDB09797356C87 = {
						ProvisioningStyle = Manual;
					};
				};
			};
			buildConfigurationList = EEAE4F1891B085FC5BBFA7B1 /* Build configuration list for PBXProject "LocalBar" */;
			developmentRegion = en;
			hasScannedForEncodings = 0;
			knownRegions = (
				Base,
				en,
			);
			mainGroup = 3215D9221145FBA725E17676;
			minimizedProjectReferenceProxies = 1;
			preferredProjectObjectVersion = 77;
			productRefGroup = 17E71BA6C91E21947538F80F /* Products */;
			projectDirPath = "";
			projectRoot = "";
			targets = (
				4465BEBB90CDB09797356C87 /* LocalBar */,
			);
		};
/* End PBXProject section */

/* Begin PBXSourcesBuildPhase section */
		7A6451C165E52AA1677BA52D /* Sources */ = {
			isa = PBXSourcesBuildPhase;
			buildActionMask = 2147483647;
			files = (
				B859739F510C290977FC7B47 /* CursorDetector.swift in Sources */,
				B93B2D082198AB66DD2D4E95 /* CursorProject.swift in Sources */,
				177FCB9518D2ADC2A4EA1170 /* CursorProjectRowView.swift in Sources */,
				9A96C03697F82CA7F004B4D2 /* LocalBarApp.swift in Sources */,
				B7F9F3AA6C9F2FB557DDB24F /* NotificationManager.swift in Sources */,
				4BD16D9D2E172A31C1AD146E /* PopoverView.swift in Sources */,
				62638150960212F8C753854C /* PortScanner.swift in Sources */,
				CC5E17A3775C63FB127C3476 /* ProcessManager.swift in Sources */,
				D8D49AB8AE0D4E9797553E97 /* ProjectDetector.swift in Sources */,
				9BA9BEA86FC14ADF7DD62393 /* ProjectInfo.swift in Sources */,
				A8900D7876BE20B9C5D0E8A2 /* RecentServer.swift in Sources */,
				081389EC394EBDE67AD08068 /* ServerInfo.swift in Sources */,
				31743CD68F9B7A8746502AC9 /* ServerRowView.swift in Sources */,
				5C4B81099B0A4885476D4D53 /* ServerService.swift in Sources */,
			);
			runOnlyForDeploymentPostprocessing = 0;
		};
/* End PBXSourcesBuildPhase section */

/* Begin XCBuildConfiguration section */
		20F8FECD4EF94DDD0C9DD60E /* Release */ = {
			isa = XCBuildConfiguration;
			buildSettings = {
				ASSETCATALOG_COMPILER_APPICON_NAME = AppIcon;
				CODE_SIGNING_REQUIRED = NO;
				CODE_SIGN_IDENTITY = "";
				CODE_SIGN_STYLE = Manual;
				COMBINE_HIDPI_IMAGES = YES;
				CURRENT_PROJECT_VERSION = 1;
				ENABLE_HARDENED_RUNTIME = NO;
				INFOPLIST_FILE = LocalBar/Info.plist;
				LD_RUNPATH_SEARCH_PATHS = (
					"$(inherited)",
					"@executable_path/../Frameworks",
				);
				MACOSX_DEPLOYMENT_TARGET = 14.0;
				MARKETING_VERSION = 1.0.0;
				PRODUCT_BUNDLE_IDENTIFIER = com.localbar.app;
				SDKROOT = macosx;
				SWIFT_VERSION = 5.9;
			};
			name = Release;
		};
		28EEF904A1C9BA04390B25DA /* Debug */ = {
			isa = XCBuildConfiguration;
			buildSettings = {
				ALWAYS_SEARCH_USER_PATHS = NO;
				CLANG_ANALYZER_NONNULL = YES;
				CLANG_ANALYZER_NUMBER_OBJECT_CONVERSION = YES_AGGRESSIVE;
				CLANG_CXX_LANGUAGE_STANDARD = "gnu++14";
				CLANG_CXX_LIBRARY = "libc++";
				CLANG_ENABLE_MODULES = YES;
				CLANG_ENABLE_OBJC_ARC = YES;
				CLANG_ENABLE_OBJC_WEAK = YES;
				CLANG_WARN_BLOCK_CAPTURE_AUTORELEASING = YES;
				CLANG_WARN_BOOL_CONVERSION = YES;
				CLANG_WARN_COMMA = YES;
				CLANG_WARN_CONSTANT_CONVERSION = YES;
				CLANG_WARN_DEPRECATED_OBJC_IMPLEMENTATIONS = YES;
				CLANG_WARN_DIRECT_OBJC_ISA_USAGE = YES_ERROR;
				CLANG_WARN_DOCUMENTATION_COMMENTS = YES;
				CLANG_WARN_EMPTY_BODY = YES;
				CLANG_WARN_ENUM_CONVERSION = YES;
				CLANG_WARN_INFINITE_RECURSION = YES;
				CLANG_WARN_INT_CONVERSION = YES;
				CLANG_WARN_NON_LITERAL_NULL_CONVERSION = YES;
				CLANG_WARN_OBJC_IMPLICIT_RETAIN_SELF = YES;
				CLANG_WARN_OBJC_LITERAL_CONVERSION = YES;
				CLANG_WARN_OBJC_ROOT_CLASS = YES_ERROR;
				CLANG_WARN_QUOTED_INCLUDE_IN_FRAMEWORK_HEADER = YES;
				CLANG_WARN_RANGE_LOOP_ANALYSIS = YES;
				CLANG_WARN_STRICT_PROTOTYPES = YES;
				CLANG_WARN_SUSPICIOUS_MOVE = YES;
				CLANG_WARN_UNGUARDED_AVAILABILITY = YES_AGGRESSIVE;
				CLANG_WARN_UNREACHABLE_CODE = YES;
				CLANG_WARN__DUPLICATE_METHOD_MATCH = YES;
				COPY_PHASE_STRIP = NO;
				DEBUG_INFORMATION_FORMAT = dwarf;
				ENABLE_STRICT_OBJC_MSGSEND = YES;
				ENABLE_TESTABILITY = YES;
				GCC_C_LANGUAGE_STANDARD = gnu11;
				GCC_DYNAMIC_NO_PIC = NO;
				GCC_NO_COMMON_BLOCKS = YES;
				GCC_OPTIMIZATION_LEVEL = 0;
				GCC_PREPROCESSOR_DEFINITIONS = (
					"$(inherited)",
					"DEBUG=1",
				);
				GCC_WARN_64_TO_32_BIT_CONVERSION = YES;
				GCC_WARN_ABOUT_RETURN_TYPE = YES_ERROR;
				GCC_WARN_UNDECLARED_SELECTOR = YES;
				GCC_WARN_UNINITIALIZED_AUTOS = YES_AGGRESSIVE;
				GCC_WARN_UNUSED_FUNCTION = YES;
				GCC_WARN_UNUSED_VARIABLE = YES;
				MACOSX_DEPLOYMENT_TARGET = 14.0;
				MTL_ENABLE_DEBUG_INFO = INCLUDE_SOURCE;
				MTL_FAST_MATH = YES;
				ONLY_ACTIVE_ARCH = YES;
				PRODUCT_NAME = "$(TARGET_NAME)";
				SDKROOT = macosx;
				SWIFT_ACTIVE_COMPILATION_CONDITIONS = DEBUG;
				SWIFT_OPTIMIZATION_LEVEL = "-Onone";
				SWIFT_VERSION = 5.0;
			};
			name = Debug;
		};
		360806EEB963C2D2E822705A /* Debug */ = {
			isa = XCBuildConfiguration;
			buildSettings = {
				ASSETCATALOG_COMPILER_APPICON_NAME = AppIcon;
				CODE_SIGNING_REQUIRED = NO;
				CODE_SIGN_IDENTITY = "";
				CODE_SIGN_STYLE = Manual;
				COMBINE_HIDPI_IMAGES = YES;
				CURRENT_PROJECT_VERSION = 1;
				ENABLE_HARDENED_RUNTIME = NO;
				INFOPLIST_FILE = LocalBar/Info.plist;
				LD_RUNPATH_SEARCH_PATHS = (
					"$(inherited)",
					"@executable_path/../Frameworks",
				);
				MACOSX_DEPLOYMENT_TARGET = 14.0;
				MARKETING_VERSION = 1.0.0;
				PRODUCT_BUNDLE_IDENTIFIER = com.localbar.app;
				SDKROOT = macosx;
				SWIFT_VERSION = 5.9;
			};
			name = Debug;
		};
		626A666DA5A49FC65E1BFD97 /* Release */ = {
			isa = XCBuildConfiguration;
			buildSettings = {
				ALWAYS_SEARCH_USER_PATHS = NO;
				CLANG_ANALYZER_NONNULL = YES;
				CLANG_ANALYZER_NUMBER_OBJECT_CONVERSION = YES_AGGRESSIVE;
				CLANG_CXX_LANGUAGE_STANDARD = "gnu++14";
				CLANG_CXX_LIBRARY = "libc++";
				CLANG_ENABLE_MODULES = YES;
				CLANG_ENABLE_OBJC_ARC = YES;
				CLANG_ENABLE_OBJC_WEAK = YES;
				CLANG_WARN_BLOCK_CAPTURE_AUTORELEASING = YES;
				CLANG_WARN_BOOL_CONVERSION = YES;
				CLANG_WARN_COMMA = YES;
				CLANG_WARN_CONSTANT_CONVERSION = YES;
				CLANG_WARN_DEPRECATED_OBJC_IMPLEMENTATIONS = YES;
				CLANG_WARN_DIRECT_OBJC_ISA_USAGE = YES_ERROR;
				CLANG_WARN_DOCUMENTATION_COMMENTS = YES;
				CLANG_WARN_EMPTY_BODY = YES;
				CLANG_WARN_ENUM_CONVERSION = YES;
				CLANG_WARN_INFINITE_RECURSION = YES;
				CLANG_WARN_INT_CONVERSION = YES;
				CLANG_WARN_NON_LITERAL_NULL_CONVERSION = YES;
				CLANG_WARN_OBJC_IMPLICIT_RETAIN_SELF = YES;
				CLANG_WARN_OBJC_LITERAL_CONVERSION = YES;
				CLANG_WARN_OBJC_ROOT_CLASS = YES_ERROR;
				CLANG_WARN_QUOTED_INCLUDE_IN_FRAMEWORK_HEADER = YES;
				CLANG_WARN_RANGE_LOOP_ANALYSIS = YES;
				CLANG_WARN_STRICT_PROTOTYPES = YES;
				CLANG_WARN_SUSPICIOUS_MOVE = YES;
				CLANG_WARN_UNGUARDED_AVAILABILITY = YES_AGGRESSIVE;
				CLANG_WARN_UNREACHABLE_CODE = YES;
				CLANG_WARN__DUPLICATE_METHOD_MATCH = YES;
				COPY_PHASE_STRIP = NO;
				DEBUG_INFORMATION_FORMAT = "dwarf-with-dsym";
				ENABLE_NS_ASSERTIONS = NO;
				ENABLE_STRICT_OBJC_MSGSEND = YES;
				GCC_C_LANGUAGE_STANDARD = gnu11;
				GCC_NO_COMMON_BLOCKS = YES;
				GCC_WARN_64_TO_32_BIT_CONVERSION = YES;
				GCC_WARN_ABOUT_RETURN_TYPE = YES_ERROR;
				GCC_WARN_UNDECLARED_SELECTOR = YES;
				GCC_WARN_UNINITIALIZED_AUTOS = YES_AGGRESSIVE;
				GCC_WARN_UNUSED_FUNCTION = YES;
				GCC_WARN_UNUSED_VARIABLE = YES;
				MACOSX_DEPLOYMENT_TARGET = 14.0;
				MTL_ENABLE_DEBUG_INFO = NO;
				MTL_FAST_MATH = YES;
				PRODUCT_NAME = "$(TARGET_NAME)";
				SDKROOT = macosx;
				SWIFT_COMPILATION_MODE = wholemodule;
				SWIFT_OPTIMIZATION_LEVEL = "-O";
				SWIFT_VERSION = 5.0;
			};
			name = Release;
		};
/* End XCBuildConfiguration section */

/* Begin XCConfigurationList section */
		D62D1518316FAFC148014316 /* Build configuration list for PBXNativeTarget "LocalBar" */ = {
			isa = XCConfigurationList;
			buildConfigurations = (
				360806EEB963C2D2E822705A /* Debug */,
				20F8FECD4EF94DDD0C9DD60E /* Release */,
			);
			defaultConfigurationIsVisible = 0;
			defaultConfigurationName = Debug;
		};
		EEAE4F1891B085FC5BBFA7B1 /* Build configuration list for PBXProject "LocalBar" */ = {
			isa = XCConfigurationList;
			buildConfigurations = (
				28EEF904A1C9BA04390B25DA /* Debug */,
				626A666DA5A49FC65E1BFD97 /* Release */,
			);
			defaultConfigurationIsVisible = 0;
			defaultConfigurationName = Debug;
		};
/* End XCConfigurationList section */
	};
	rootObject = B7F02C71AC41162628021677 /* Project object */;
}
